<?xml version="1.0" encoding="utf-8"?>
<Project ToolsVersion="4.0" xmlns="http://schemas.microsoft.com/developer/msbuild/2003">
  <ItemGroup>
    <Filter Include="Source Files">
      <UniqueIdentifier>{4FC737F1-C7A5-4376-A066-2A32D752A2FF}</UniqueIdentifier>
      <Extensions>cpp;c;cc;cxx;def;odl;idl;hpj;bat;asm;asmx</Extensions>
    </Filter>
    <Filter Include="Header Files">
      <UniqueIdentifier>{93995380-89BD-4b04-88EB-625FBE52EBFB}</UniqueIdentifier>
      <Extensions>h;hh;hpp;hxx;hm;inl;inc;xsd</Extensions>
    </Filter>
    <Filter Include="Resource Files">
      <UniqueIdentifier>{67DA6AB6-F800-4c08-8B7A-83BB121AAD01}</UniqueIdentifier>
      <Extensions>rc;ico;cur;bmp;dlg;rc2;rct;bin;rgs;gif;jpg;jpeg;jpe;resx;tiff;tif;png;wav</Extensions>
    </Filter>
  </ItemGroup>
  <ItemGroup>
    <ClCompile Include="graph\Graph.cpp">
      <Filter>Source Files</Filter>
    </ClCompile>
    <ClCompile Include="list\List.cpp">
      <Filter>Source Files</Filter>
    </ClCompile>
    <ClCompile Include="list\ListNode.cpp">
      <Filter>Source Files</Filter>
    </ClCompile>
    <ClCompile Include="stack&amp;queue\Queue.cpp">
      <Filter>Source Files</Filter>
    </ClCompile>
    <ClCompile Include="vector\Vector.cpp">
      <Filter>Source Files</Filter>
    </ClCompile>
    <ClCompile Include="stack&amp;queue\Stack.cpp">
      <Filter>Source Files</Filter>
    </ClCompile>
    <ClCompile Include="bintree\BinNode.cpp">
      <Filter>Source Files</Filter>
    </ClCompile>
    <ClCompile Include="bintree\BinTree.cpp">
      <Filter>Source Files</Filter>
    </ClCompile>
    <ClCompile Include="searchTree&amp;pro\BST.cpp">
      <Filter>Source Files</Filter>
    </ClCompile>
    <ClCompile Include="searchTree&amp;pro\AVL.cpp">
      <Filter>Source Files</Filter>
    </ClCompile>
    <ClCompile Include="searchTree&amp;pro\Splay.cpp">
      <Filter>Source Files</Filter>
    </ClCompile>
  </ItemGroup>
  <ItemGroup>
    <ClInclude Include="Fib.h">
      <Filter>Header Files</Filter>
    </ClInclude>
    <ClInclude Include="bintree\BinNode.h">
      <Filter>Header Files</Filter>
    </ClInclude>
    <ClInclude Include="bintree\BinTree.h">
      <Filter>Header Files</Filter>
    </ClInclude>
    <ClInclude Include="graph\Graph.h">
      <Filter>Header Files</Filter>
    </ClInclude>
    <ClInclude Include="list\List.h">
      <Filter>Header Files</Filter>
    </ClInclude>
    <ClInclude Include="list\ListNode.h">
      <Filter>Header Files</Filter>
    </ClInclude>
    <ClInclude Include="stack&amp;queue\Queue.h">
      <Filter>Header Files</Filter>
    </ClInclude>
    <ClInclude Include="stack&amp;queue\Stack.h">
      <Filter>Header Files</Filter>
    </ClInclude>
    <ClInclude Include="vector\Vector.h">
      <Filter>Header Files</Filter>
    </ClInclude>
    <ClInclude Include="searchTree&amp;pro\Entry.h">
      <Filter>Header Files</Filter>
    </ClInclude>
    <ClInclude Include="searchTree&amp;pro\BST.h">
      <Filter>Header Files</Filter>
    </ClInclude>
    <ClInclude Include="searchTree&amp;pro\AVL.h">
      <Filter>Header Files</Filter>
    </ClInclude>
    <ClInclude Include="searchTree&amp;pro\Splay.h">
      <Filter>Header Files</Filter>
    </ClInclude>
  </ItemGroup>
</Project>